// !$*UTF8*$!
{
	archiveVersion = 1;
	classes = {
	};
	objectVersion = 56;
	objects = {

/* Begin PBXBuildFile section */
		22A5D6992933795C007EE8FA /* AppDelegate.swift in Sources */ = {isa = PBXBuildFile; fileRef = 22A5D6982933795C007EE8FA /* AppDelegate.swift */; };
		22A5D69B2933795C007EE8FA /* SceneDelegate.swift in Sources */ = {isa = PBXBuildFile; fileRef = 22A5D69A2933795C007EE8FA /* SceneDelegate.swift */; };
		22A5D69D2933795C007EE8FA /* ViewController.swift in Sources */ = {isa = PBXBuildFile; fileRef = 22A5D69C2933795C007EE8FA /* ViewController.swift */; };
		22A5D6A02933795C007EE8FA /* Main.storyboard in Resources */ = {isa = PBXBuildFile; fileRef = 22A5D69E2933795C007EE8FA /* Main.storyboard */; };
		22A5D6A22933795D007EE8FA /* Assets.xcassets in Resources */ = {isa = PBXBuildFile; fileRef = 22A5D6A12933795D007EE8FA /* Assets.xcassets */; };
		22A5D6A52933795D007EE8FA /* LaunchScreen.storyboard in Resources */ = {isa = PBXBuildFile; fileRef = 22A5D6A32933795D007EE8FA /* LaunchScreen.storyboard */; };
		22E8A0D82934FF1800483AAA /* SlideCollectionViewCell.swift in Sources */ = {isa = PBXBuildFile; fileRef = 22E8A0D62934FF1800483AAA /* SlideCollectionViewCell.swift */; };
		22E8A0D92934FF1800483AAA /* SlideCollectionViewCell.xib in Resources */ = {isa = PBXBuildFile; fileRef = 22E8A0D72934FF1800483AAA /* SlideCollectionViewCell.xib */; };
		22E8A0DC2935040300483AAA /* ImageCollectionViewCell.swift in Sources */ = {isa = PBXBuildFile; fileRef = 22E8A0DA2935040300483AAA /* ImageCollectionViewCell.swift */; };
		22E8A0DD2935040300483AAA /* ImageCollectionViewCell.xib in Resources */ = {isa = PBXBuildFile; fileRef = 22E8A0DB2935040300483AAA /* ImageCollectionViewCell.xib */; };
/* End PBXBuildFile section */

/* Begin PBXFileReference section */
		22A5D6952933795C007EE8FA /* elinext.app */ = {isa = PBXFileReference; explicitFileType = wrapper.application; includeInIndex = 0; path = elinext.app; sourceTree = BUILT_PRODUCTS_DIR; };
		22A5D6982933795C007EE8FA /* AppDelegate.swift */ = {isa = PBXFileReference; lastKnownFileType = sourcecode.swift; path = AppDelegate.swift; sourceTree = "<group>"; };
		22A5D69A2933795C007EE8FA /* SceneDelegate.swift */ = {isa = PBXFileReference; lastKnownFileType = sourcecode.swift; path = SceneDelegate.swift; sourceTree = "<group>"; };
		22A5D69C2933795C007EE8FA /* ViewController.swift */ = {isa = PBXFileReference; lastKnownFileType = sourcecode.swift; path = ViewController.swift; sourceTree = "<group>"; };
		22A5D69F2933795C007EE8FA /* Base */ = {isa = PBXFileReference; lastKnownFileType = file.storyboard; name = Base; path = Base.lproj/Main.storyboard; sourceTree = "<group>"; };
		22A5D6A12933795D007EE8FA /* Assets.xcassets */ = {isa = PBXFileReference; lastKnownFileType = folder.assetcatalog; path = Assets.xcassets; sourceTree = "<group>"; };
		22A5D6A42933795D007EE8FA /* Base */ = {isa = PBXFileReference; lastKnownFileType = file.storyboard; name = Base; path = Base.lproj/LaunchScreen.storyboard; sourceTree = "<group>"; };
		22A5D6A62933795D007EE8FA /* Info.plist */ = {isa = PBXFileReference; lastKnownFileType = text.plist.xml; path = Info.plist; sourceTree = "<group>"; };
		22E8A0D62934FF1800483AAA /* SlideCollectionViewCell.swift */ = {isa = PBXFileReference; lastKnownFileType = sourcecode.swift; path = SlideCollectionViewCell.swift; sourceTree = "<group>"; };
		22E8A0D72934FF1800483AAA /* SlideCollectionViewCell.xib */ = {isa = PBXFileReference; lastKnownFileType = file.xib; path = SlideCollectionViewCell.xib; sourceTree = "<group>"; };
		22E8A0DA2935040300483AAA /* ImageCollectionViewCell.swift */ = {isa = PBXFileReference; lastKnownFileType = sourcecode.swift; path = ImageCollectionViewCell.swift; sourceTree = "<group>"; };
		22E8A0DB2935040300483AAA /* ImageCollectionViewCell.xib */ = {isa = PBXFileReference; lastKnownFileType = file.xib; path = ImageCollectionViewCell.xib; sourceTree = "<group>"; };
/* End PBXFileReference section */

/* Begin PBXFrameworksBuildPhase section */
		22A5D6922933795C007EE8FA /* Frameworks */ = {
			isa = PBXFrameworksBuildPhase;
			buildActionMask = 2147483647;
			files = (
			);
			runOnlyForDeploymentPostprocessing = 0;
		};
/* End PBXFrameworksBuildPhase section */

/* Begin PBXGroup section */
		22A5D68C2933795C007EE8FA = {
			isa = PBXGroup;
			children = (
				22A5D6972933795C007EE8FA /* elinext */,
				22A5D6962933795C007EE8FA /* Products */,
			);
			sourceTree = "<group>";
		};
		22A5D6962933795C007EE8FA /* Products */ = {
			isa = PBXGroup;
			children = (
				22A5D6952933795C007EE8FA /* elinext.app */,
			);
			name = Products;
			sourceTree = "<group>";
		};
		22A5D6972933795C007EE8FA /* elinext */ = {
			isa = PBXGroup;
			children = (
				22A5D6982933795C007EE8FA /* AppDelegate.swift */,
				22A5D69A2933795C007EE8FA /* SceneDelegate.swift */,
				22E8A0C9293490C800483AAA /* Controllers */,
				22A5D69E2933795C007EE8FA /* Main.storyboard */,
				22E8A0C8293490B500483AAA /* Views */,
				22A5D6A12933795D007EE8FA /* Assets.xcassets */,
				22A5D6A32933795D007EE8FA /* LaunchScreen.storyboard */,
				22A5D6A62933795D007EE8FA /* Info.plist */,
			);
			path = elinext;
			sourceTree = "<group>";
		};
		22E8A0C8293490B500483AAA /* Views */ = {
			isa = PBXGroup;
			children = (
				22E8A0D62934FF1800483AAA /* SlideCollectionViewCell.swift */,
				22E8A0D72934FF1800483AAA /* SlideCollectionViewCell.xib */,
				22E8A0DA2935040300483AAA /* ImageCollectionViewCell.swift */,
				22E8A0DB2935040300483AAA /* ImageCollectionViewCell.xib */,
			);
			path = Views;
			sourceTree = "<group>";
		};
		22E8A0C9293490C800483AAA /* Controllers */ = {
			isa = PBXGroup;
			children = (
				22A5D69C2933795C007EE8FA /* ViewController.swift */,
			);
			path = Controllers;
			sourceTree = "<group>";
		};
/* End PBXGroup section */

/* Begin PBXNativeTarget section */
		22A5D6942933795C007EE8FA /* elinext */ = {
			isa = PBXNativeTarget;
			buildConfigurationList = 22A5D6A92933795D007EE8FA /* Build configuration list for PBXNativeTarget "elinext" */;
			buildPhases = (
				22A5D6912933795C007EE8FA /* Sources */,
				22A5D6922933795C007EE8FA /* Frameworks */,
				22A5D6932933795C007EE8FA /* Resources */,
			);
			buildRules = (
			);
			dependencies = (
			);
			name = elinext;
			productName = elinext;
			productReference = 22A5D6952933795C007EE8FA /* elinext.app */;
			productType = "com.apple.product-type.application";
		};
/* End PBXNativeTarget section */

/* Begin PBXProject section */
		22A5D68D2933795C007EE8FA /* Project object */ = {
			isa = PBXProject;
			attributes = {
				BuildIndependentTargetsInParallel = 1;
				LastSwiftUpdateCheck = 1410;
				LastUpgradeCheck = 1410;
				TargetAttributes = {
					22A5D6942933795C007EE8FA = {
						CreatedOnToolsVersion = 14.1;
					};
				};
			};
			buildConfigurationList = 22A5D6902933795C007EE8FA /* Build configuration list for PBXProject "elinext" */;
			compatibilityVersion = "Xcode 14.0";
			developmentRegion = en;
			hasScannedForEncodings = 0;
			knownRegions = (
				en,
				Base,
			);
			mainGroup = 22A5D68C2933795C007EE8FA;
			productRefGroup = 22A5D6962933795C007EE8FA /* Products */;
			projectDirPath = "";
			projectRoot = "";
			targets = (
				22A5D6942933795C007EE8FA /* elinext */,
			);
		};
/* End PBXProject section */

/* Begin PBXResourcesBuildPhase section */
		22A5D6932933795C007EE8FA /* Resources */ = {
			isa = PBXResourcesBuildPhase;
			buildActionMask = 2147483647;
			files = (
				22E8A0D92934FF1800483AAA /* SlideCollectionViewCell.xib in Resources */,
				22A5D6A52933795D007EE8FA /* LaunchScreen.storyboard in Resources */,
				22A5D6A22933795D007EE8FA /* Assets.xcassets in Resources */,
				22A5D6A02933795C007EE8FA /* Main.storyboard in Resources */,
				22E8A0DD2935040300483AAA /* ImageCollectionViewCell.xib in Resources */,
			);
			runOnlyForDeploymentPostprocessing = 0;
		};
/* End PBXResourcesBuildPhase section */

/* Begin PBXSourcesBuildPhase section */
		22A5D6912933795C007EE8FA /* Sources */ = {
			isa = PBXSourcesBuildPhase;
			buildActionMask = 2147483647;
			files = (
				22E8A0D82934FF1800483AAA /* SlideCollectionViewCell.swift in Sources */,
				22E8A0DC2935040300483AAA /* ImageCollectionViewCell.swift in Sources */,
				22A5D69D2933795C007EE8FA /* ViewController.swift in Sources */,
				22A5D6992933795C007EE8FA /* AppDelegate.swift in Sources */,
				22A5D69B2933795C007EE8FA /* SceneDelegate.swift in Sources */,
			);
			runOnlyForDeploymentPostprocessing = 0;
		};
/* End PBXSourcesBuildPhase section */

/* Begin PBXVariantGroup section */
		22A5D69E2933795C007EE8FA /* Main.storyboard */ = {
			isa = PBXVariantGroup;
			children = (
				22A5D69F2933795C007EE8FA /* Base */,
			);
			name = Main.storyboard;
			sourceTree = "<group>";
		};
		22A5D6A32933795D007EE8FA /* LaunchScreen.storyboard */ = {
			isa = PBXVariantGroup;
			children = (
				22A5D6A42933795D007EE8FA /* Base */,
			);
			name = LaunchScreen.storyboard;
			sourceTree = "<group>";
		};
/* End PBXVariantGroup section */

/* Begin XCBuildConfiguration section */
		22A5D6A72933795D007EE8FA /* Debug */ = {
			isa = XCBuildConfiguration;
			buildSettings = {
				ALWAYS_SEARCH_USER_PATHS = NO;
				CLANG_ANALYZER_NONNULL = YES;
				CLANG_ANALYZER_NUMBER_OBJECT_CONVERSION = YES_AGGRESSIVE;
				CLANG_CXX_LANGUAGE_STANDARD = "gnu++20";
				CLANG_ENABLE_MODULES = YES;
				CLANG_ENABLE_OBJC_ARC = YES;
				CLANG_ENABLE_OBJC_WEAK = YES;
				CLANG_WARN_BLOCK_CAPTURE_AUTORELEASING = YES;
				CLANG_WARN_BOOL_CONVERSION = YES;
				CLANG_WARN_COMMA = YES;
				CLANG_WARN_CONSTANT_CONVERSION = YES;
				CLANG_WARN_DEPRECATED_OBJC_IMPLEMENTATIONS = YES;
				CLANG_WARN_DIRECT_OBJC_ISA_USAGE = YES_ERROR;
				CLANG_WARN_DOCUMENTATION_COMMENTS = YES;
				CLANG_WARN_EMPTY_BODY = YES;
				CLANG_WARN_ENUM_CONVERSION = YES;
				CLANG_WARN_INFINITE_RECURSION = YES;
				CLANG_WARN_INT_CONVERSION = YES;
				CLANG_WARN_NON_LITERAL_NULL_CONVERSION = YES;
				CLANG_WARN_OBJC_IMPLICIT_RETAIN_SELF = YES;
				CLANG_WARN_OBJC_LITERAL_CONVERSION = YES;
				CLANG_WARN_OBJC_ROOT_CLASS = YES_ERROR;
				CLANG_WARN_QUOTED_INCLUDE_IN_FRAMEWORK_HEADER = YES;
				CLANG_WARN_RANGE_LOOP_ANALYSIS = YES;
				CLANG_WARN_STRICT_PROTOTYPES = YES;
				CLANG_WARN_SUSPICIOUS_MOVE = YES;
				CLANG_WARN_UNGUARDED_AVAILABILITY = YES_AGGRESSIVE;
				CLANG_WARN_UNREACHABLE_CODE = YES;
				CLANG_WARN__DUPLICATE_METHOD_MATCH = YES;
				COPY_PHASE_STRIP = NO;
				DEBUG_INFORMATION_FORMAT = dwarf;
				ENABLE_STRICT_OBJC_MSGSEND = YES;
				ENABLE_TESTABILITY = YES;
				GCC_C_LANGUAGE_STANDARD = gnu11;
				GCC_DYNAMIC_NO_PIC = NO;
				GCC_NO_COMMON_BLOCKS = YES;
				GCC_OPTIMIZATION_LEVEL = 0;
				GCC_PREPROCESSOR_DEFINITIONS = (
					"DEBUG=1",
					"$(inherited)",
				);
				GCC_WARN_64_TO_32_BIT_CONVERSION = YES;
				GCC_WARN_ABOUT_RETURN_TYPE = YES_ERROR;
				GCC_WARN_UNDECLARED_SELECTOR = YES;
				GCC_WARN_UNINITIALIZED_AUTOS = YES_AGGRESSIVE;
				GCC_WARN_UNUSED_FUNCTION = YES;
				GCC_WARN_UNUSED_VARIABLE = YES;
				IPHONEOS_DEPLOYMENT_TARGET = 16.1;
				MTL_ENABLE_DEBUG_INFO = INCLUDE_SOURCE;
				MTL_FAST_MATH = YES;
				ONLY_ACTIVE_ARCH = YES;
				SDKROOT = iphoneos;
				SWIFT_ACTIVE_COMPILATION_CONDITIONS = DEBUG;
				SWIFT_OPTIMIZATION_LEVEL = "-Onone";
			};
			name = Debug;
		};
		22A5D6A82933795D007EE8FA /* Release */ = {
			isa = XCBuildConfiguration;
			buildSettings = {
				ALWAYS_SEARCH_USER_PATHS = NO;
				CLANG_ANALYZER_NONNULL = YES;
				CLANG_ANALYZER_NUMBER_OBJECT_CONVERSION = YES_AGGRESSIVE;
				CLANG_CXX_LANGUAGE_STANDARD = "gnu++20";
				CLANG_ENABLE_MODULES = YES;
				CLANG_ENABLE_OBJC_ARC = YES;
				CLANG_ENABLE_OBJC_WEAK = YES;
				CLANG_WARN_BLOCK_CAPTURE_AUTORELEASING = YES;
				CLANG_WARN_BOOL_CONVERSION = YES;
				CLANG_WARN_COMMA = YES;
				CLANG_WARN_CONSTANT_CONVERSION = YES;
				CLANG_WARN_DEPRECATED_OBJC_IMPLEMENTATIONS = YES;
				CLANG_WARN_DIRECT_OBJC_ISA_USAGE = YES_ERROR;
				CLANG_WARN_DOCUMENTATION_COMMENTS = YES;
				CLANG_WARN_EMPTY_BODY = YES;
				CLANG_WARN_ENUM_CONVERSION = YES;
				CLANG_WARN_INFINITE_RECURSION = YES;
				CLANG_WARN_INT_CONVERSION = YES;
				CLANG_WARN_NON_LITERAL_NULL_CONVERSION = YES;
				CLANG_WARN_OBJC_IMPLICIT_RETAIN_SELF = YES;
				CLANG_WARN_OBJC_LITERAL_CONVERSION = YES;
				CLANG_WARN_OBJC_ROOT_CLASS = YES_ERROR;
				CLANG_WARN_QUOTED_INCLUDE_IN_FRAMEWORK_HEADER = YES;
				CLANG_WARN_RANGE_LOOP_ANALYSIS = YES;
				CLANG_WARN_STRICT_PROTOTYPES = YES;
				CLANG_WARN_SUSPICIOUS_MOVE = YES;
				CLANG_WARN_UNGUARDED_AVAILABILITY = YES_AGGRESSIVE;
				CLANG_WARN_UNREACHABLE_CODE = YES;
				CLANG_WARN__DUPLICATE_METHOD_MATCH = YES;
				COPY_PHASE_STRIP = NO;
				DEBUG_INFORMATION_FORMAT = "dwarf-with-dsym";
				ENABLE_NS_ASSERTIONS = NO;
				ENABLE_STRICT_OBJC_MSGSEND = YES;
				GCC_C_LANGUAGE_STANDARD = gnu11;
				GCC_NO_COMMON_BLOCKS = YES;
				GCC_WARN_64_TO_32_BIT_CONVERSION = YES;
				GCC_WARN_ABOUT_RETURN_TYPE = YES_ERROR;
				GCC_WARN_UNDECLARED_SELECTOR = YES;
				GCC_WARN_UNINITIALIZED_AUTOS = YES_AGGRESSIVE;
				GCC_WARN_UNUSED_FUNCTION = YES;
				GCC_WARN_UNUSED_VARIABLE = YES;
				IPHONEOS_DEPLOYMENT_TARGET = 16.1;
				MTL_ENABLE_DEBUG_INFO = NO;
				MTL_FAST_MATH = YES;
				SDKROOT = iphoneos;
				SWIFT_COMPILATION_MODE = wholemodule;
				SWIFT_OPTIMIZATION_LEVEL = "-O";
				VALIDATE_PRODUCT = YES;
			};
			name = Release;
		};
		22A5D6AA2933795D007EE8FA /* Debug */ = {
			isa = XCBuildConfiguration;
			buildSettings = {
				ASSETCATALOG_COMPILER_APPICON_NAME = AppIcon;
				ASSETCATALOG_COMPILER_GLOBAL_ACCENT_COLOR_NAME = AccentColor;
				CODE_SIGN_STYLE = Automatic;
				CURRENT_PROJECT_VERSION = 1;
				DEVELOPMENT_TEAM = B24EEZ8S3G;
				GENERATE_INFOPLIST_FILE = YES;
				INFOPLIST_FILE = elinext/Info.plist;
				INFOPLIST_KEY_UIApplicationSupportsIndirectInputEvents = YES;
				INFOPLIST_KEY_UILaunchStoryboardName = LaunchScreen;
				INFOPLIST_KEY_UIMainStoryboardFile = Main;
				INFOPLIST_KEY_UISupportedInterfaceOrientations_iPad = "UIInterfaceOrientationPortrait UIInterfaceOrientationPortraitUpsideDown UIInterfaceOrientationLandscapeLeft UIInterfaceOrientationLandscapeRight";
				INFOPLIST_KEY_UISupportedInterfaceOrientations_iPhone = "UIInterfaceOrientationPortrait UIInterfaceOrientationLandscapeLeft UIInterfaceOrientationLandscapeRight";
				IPHONEOS_DEPLOYMENT_TARGET = 15.0;
				LD_RUNPATH_SEARCH_PATHS = (
					"$(inherited)",
					"@executable_path/Frameworks",
				);
				MARKETING_VERSION = 1.0;
				PRODUCT_BUNDLE_IDENTIFIER = com.tainguyen.elinext;
				PRODUCT_NAME = "$(TARGET_NAME)";
				SWIFT_EMIT_LOC_STRINGS = YES;
				SWIFT_VERSION = 5.0;
				TARGETED_DEVICE_FAMILY = "1,2";
			};
			name = Debug;
		};
		22A5D6AB2933795D007EE8FA /* Release */ = {
			isa = XCBuildConfiguration;
			buildSettings = {
				ASSETCATALOG_COMPILER_APPICON_NAME = AppIcon;
				ASSETCATALOG_COMPILER_GLOBAL_ACCENT_COLOR_NAME = AccentColor;
				CODE_SIGN_STYLE = Automatic;
				CURRENT_PROJECT_VERSION = 1;
				DEVELOPMENT_TEAM = B24EEZ8S3G;
				GENERATE_INFOPLIST_FILE = YES;
				INFOPLIST_FILE = elinext/Info.plist;
				INFOPLIST_KEY_UIApplicationSupportsIndirectInputEvents = YES;
				INFOPLIST_KEY_UILaunchStoryboardName = LaunchScreen;
				INFOPLIST_KEY_UIMainStoryboardFile = Main;
				INFOPLIST_KEY_UISupportedInterfaceOrientations_iPad = "UIInterfaceOrientationPortrait UIInterfaceOrientationPortraitUpsideDown UIInterfaceOrientationLandscapeLeft UIInterfaceOrientationLandscapeRight";
				INFOPLIST_KEY_UISupportedInterfaceOrientations_iPhone = "UIInterfaceOrientationPortrait UIInterfaceOrientationLandscapeLeft UIInterfaceOrientationLandscapeRight";
				IPHONEOS_DEPLOYMENT_TARGET = 15.0;
				LD_RUNPATH_SEARCH_PATHS = (
					"$(inherited)",
					"@executable_path/Frameworks",
				);
				MARKETING_VERSION = 1.0;
				PRODUCT_BUNDLE_IDENTIFIER = com.tainguyen.elinext;
				PRODUCT_NAME = "$(TARGET_NAME)";
				SWIFT_EMIT_LOC_STRINGS = YES;
				SWIFT_VERSION = 5.0;
				TARGETED_DEVICE_FAMILY = "1,2";
			};
			name = Release;
		};
/* End XCBuildConfiguration section */

/* Begin XCConfigurationList section */
		22A5D6902933795C007EE8FA /* Build configuration list for PBXProject "elinext" */ = {
			isa = XCConfigurationList;
			buildConfigurations = (
				22A5D6A72933795D007EE8FA /* Debug */,
				22A5D6A82933795D007EE8FA /* Release */,
			);
			defaultConfigurationIsVisible = 0;
			defaultConfigurationName = Release;
		};
		22A5D6A92933795D007EE8FA /* Build configuration list for PBXNativeTarget "elinext" */ = {
			isa = XCConfigurationList;
			buildConfigurations = (
				22A5D6AA2933795D007EE8FA /* Debug */,
				22A5D6AB2933795D007EE8FA /* Release */,
			);
			defaultConfigurationIsVisible = 0;
			defaultConfigurationName = Release;
		};
/* End XCConfigurationList section */
	};
	rootObject = 22A5D68D2933795C007EE8FA /* Project object */;
}
